// !$*UTF8*$!
{
	archiveVersion = 1;
	classes = {
	};
	objectVersion = 55;
	objects = {

/* Begin PBXBuildFile section */
		B631F30B28EC9CCF00361218 /* BookmarksViewController.swift in Sources */ = {isa = PBXBuildFile; fileRef = B631F30A28EC9CCF00361218 /* BookmarksViewController.swift */; };
		B631F30E28EC9CEC00361218 /* TableViewCell.swift in Sources */ = {isa = PBXBuildFile; fileRef = B631F30C28EC9CEC00361218 /* TableViewCell.swift */; };
		B631F30F28EC9CEC00361218 /* TableViewCell.xib in Resources */ = {isa = PBXBuildFile; fileRef = B631F30D28EC9CEC00361218 /* TableViewCell.xib */; };
		B643FD3428E626D500026A09 /* FlightModel.swift in Sources */ = {isa = PBXBuildFile; fileRef = B643FD3328E626D500026A09 /* FlightModel.swift */; };
		B643FD3628E6271400026A09 /* FlightEntity.swift in Sources */ = {isa = PBXBuildFile; fileRef = B643FD3528E6271400026A09 /* FlightEntity.swift */; };
		B643FD3828E6273400026A09 /* FlightViewController.swift in Sources */ = {isa = PBXBuildFile; fileRef = B643FD3728E6273400026A09 /* FlightViewController.swift */; };
		B643FD3A28E6274500026A09 /* FlightViewModel.swift in Sources */ = {isa = PBXBuildFile; fileRef = B643FD3928E6274500026A09 /* FlightViewModel.swift */; };
		B643FD3D28E6278500026A09 /* CustomCollectionViewCell.swift in Sources */ = {isa = PBXBuildFile; fileRef = B643FD3B28E6278500026A09 /* CustomCollectionViewCell.swift */; };
		B643FD3E28E6278500026A09 /* CustomCollectionViewCell.xib in Resources */ = {isa = PBXBuildFile; fileRef = B643FD3C28E6278500026A09 /* CustomCollectionViewCell.xib */; };
		B6606FCC28E5CB6E005BCD82 /* SearchViewController.swift in Sources */ = {isa = PBXBuildFile; fileRef = B6606FCB28E5CB6E005BCD82 /* SearchViewController.swift */; };
		B6606FD028E5EA6E005BCD82 /* HotelsViewController.swift in Sources */ = {isa = PBXBuildFile; fileRef = B6606FCF28E5EA6E005BCD82 /* HotelsViewController.swift */; };
		B689966228E3109E00E3BD99 /* AppDelegate.swift in Sources */ = {isa = PBXBuildFile; fileRef = B689966128E3109E00E3BD99 /* AppDelegate.swift */; };
		B689966428E3109E00E3BD99 /* SceneDelegate.swift in Sources */ = {isa = PBXBuildFile; fileRef = B689966328E3109E00E3BD99 /* SceneDelegate.swift */; };
		B689966628E3109E00E3BD99 /* HomeViewController.swift in Sources */ = {isa = PBXBuildFile; fileRef = B689966528E3109E00E3BD99 /* HomeViewController.swift */; };
		B689966928E3109E00E3BD99 /* Main.storyboard in Resources */ = {isa = PBXBuildFile; fileRef = B689966728E3109E00E3BD99 /* Main.storyboard */; };
		B689966E28E3109F00E3BD99 /* Assets.xcassets in Resources */ = {isa = PBXBuildFile; fileRef = B689966D28E3109F00E3BD99 /* Assets.xcassets */; };
		B689967128E3109F00E3BD99 /* LaunchScreen.storyboard in Resources */ = {isa = PBXBuildFile; fileRef = B689966F28E3109F00E3BD99 /* LaunchScreen.storyboard */; };
		B6A0715628EA1A60003E73A6 /* HotelModel.swift in Sources */ = {isa = PBXBuildFile; fileRef = B6A0715528EA1A60003E73A6 /* HotelModel.swift */; };
		B6A0715828EA1A77003E73A6 /* HotelEntity.swift in Sources */ = {isa = PBXBuildFile; fileRef = B6A0715728EA1A77003E73A6 /* HotelEntity.swift */; };
		B6A0715A28EA1AAC003E73A6 /* HotelViewModel.swift in Sources */ = {isa = PBXBuildFile; fileRef = B6A0715928EA1AAC003E73A6 /* HotelViewModel.swift */; };
		B6A0715F28EB3038003E73A6 /* DetailsViewController.swift in Sources */ = {isa = PBXBuildFile; fileRef = B6A0715E28EB3038003E73A6 /* DetailsViewController.swift */; };
		B6B4125A28E62F0500920833 /* Kingfisher in Frameworks */ = {isa = PBXBuildFile; productRef = B6B4125928E62F0500920833 /* Kingfisher */; };
		B6B469D028EC525E004DCAE9 /* HomeModel.swift in Sources */ = {isa = PBXBuildFile; fileRef = B6B469CF28EC525E004DCAE9 /* HomeModel.swift */; };
		B6B469D228EC5281004DCAE9 /* HomeEntity.swift in Sources */ = {isa = PBXBuildFile; fileRef = B6B469D128EC5281004DCAE9 /* HomeEntity.swift */; };
		B6B469D428EC5299004DCAE9 /* HomeViewModel.swift in Sources */ = {isa = PBXBuildFile; fileRef = B6B469D328EC5299004DCAE9 /* HomeViewModel.swift */; };
		B6B469DC28EC69B6004DCAE9 /* HomeCollectionViewCell.swift in Sources */ = {isa = PBXBuildFile; fileRef = B6B469DA28EC69B6004DCAE9 /* HomeCollectionViewCell.swift */; };
		B6B469DD28EC69B6004DCAE9 /* HomeCollectionViewCell.xib in Resources */ = {isa = PBXBuildFile; fileRef = B6B469DB28EC69B6004DCAE9 /* HomeCollectionViewCell.xib */; };
		B6B469E028EC8E07004DCAE9 /* DataModel.xcdatamodeld in Sources */ = {isa = PBXBuildFile; fileRef = B6B469DE28EC8E07004DCAE9 /* DataModel.xcdatamodeld */; };
/* End PBXBuildFile section */

/* Begin PBXFileReference section */
		B631F30A28EC9CCF00361218 /* BookmarksViewController.swift */ = {isa = PBXFileReference; lastKnownFileType = sourcecode.swift; path = BookmarksViewController.swift; sourceTree = "<group>"; };
		B631F30C28EC9CEC00361218 /* TableViewCell.swift */ = {isa = PBXFileReference; lastKnownFileType = sourcecode.swift; path = TableViewCell.swift; sourceTree = "<group>"; };
		B631F30D28EC9CEC00361218 /* TableViewCell.xib */ = {isa = PBXFileReference; lastKnownFileType = file.xib; path = TableViewCell.xib; sourceTree = "<group>"; };
		B643FD3328E626D500026A09 /* FlightModel.swift */ = {isa = PBXFileReference; lastKnownFileType = sourcecode.swift; path = FlightModel.swift; sourceTree = "<group>"; };
		B643FD3528E6271400026A09 /* FlightEntity.swift */ = {isa = PBXFileReference; lastKnownFileType = sourcecode.swift; path = FlightEntity.swift; sourceTree = "<group>"; };
		B643FD3728E6273400026A09 /* FlightViewController.swift */ = {isa = PBXFileReference; lastKnownFileType = sourcecode.swift; path = FlightViewController.swift; sourceTree = "<group>"; };
		B643FD3928E6274500026A09 /* FlightViewModel.swift */ = {isa = PBXFileReference; lastKnownFileType = sourcecode.swift; path = FlightViewModel.swift; sourceTree = "<group>"; };
		B643FD3B28E6278500026A09 /* CustomCollectionViewCell.swift */ = {isa = PBXFileReference; lastKnownFileType = sourcecode.swift; path = CustomCollectionViewCell.swift; sourceTree = "<group>"; };
		B643FD3C28E6278500026A09 /* CustomCollectionViewCell.xib */ = {isa = PBXFileReference; lastKnownFileType = file.xib; path = CustomCollectionViewCell.xib; sourceTree = "<group>"; };
		B6606FCB28E5CB6E005BCD82 /* SearchViewController.swift */ = {isa = PBXFileReference; lastKnownFileType = sourcecode.swift; path = SearchViewController.swift; sourceTree = "<group>"; };
		B6606FCF28E5EA6E005BCD82 /* HotelsViewController.swift */ = {isa = PBXFileReference; lastKnownFileType = sourcecode.swift; path = HotelsViewController.swift; sourceTree = "<group>"; };
		B689965E28E3109E00E3BD99 /* Travel Guide.app */ = {isa = PBXFileReference; explicitFileType = wrapper.application; includeInIndex = 0; path = "Travel Guide.app"; sourceTree = BUILT_PRODUCTS_DIR; };
		B689966128E3109E00E3BD99 /* AppDelegate.swift */ = {isa = PBXFileReference; lastKnownFileType = sourcecode.swift; path = AppDelegate.swift; sourceTree = "<group>"; };
		B689966328E3109E00E3BD99 /* SceneDelegate.swift */ = {isa = PBXFileReference; lastKnownFileType = sourcecode.swift; path = SceneDelegate.swift; sourceTree = "<group>"; };
		B689966528E3109E00E3BD99 /* HomeViewController.swift */ = {isa = PBXFileReference; lastKnownFileType = sourcecode.swift; path = HomeViewController.swift; sourceTree = "<group>"; };
		B689966828E3109E00E3BD99 /* Base */ = {isa = PBXFileReference; lastKnownFileType = file.storyboard; name = Base; path = Base.lproj/Main.storyboard; sourceTree = "<group>"; };
		B689966D28E3109F00E3BD99 /* Assets.xcassets */ = {isa = PBXFileReference; lastKnownFileType = folder.assetcatalog; path = Assets.xcassets; sourceTree = "<group>"; };
		B689967028E3109F00E3BD99 /* Base */ = {isa = PBXFileReference; lastKnownFileType = file.storyboard; name = Base; path = Base.lproj/LaunchScreen.storyboard; sourceTree = "<group>"; };
		B689967228E3109F00E3BD99 /* Info.plist */ = {isa = PBXFileReference; lastKnownFileType = text.plist.xml; path = Info.plist; sourceTree = "<group>"; };
		B6A0715528EA1A60003E73A6 /* HotelModel.swift */ = {isa = PBXFileReference; lastKnownFileType = sourcecode.swift; path = HotelModel.swift; sourceTree = "<group>"; };
		B6A0715728EA1A77003E73A6 /* HotelEntity.swift */ = {isa = PBXFileReference; lastKnownFileType = sourcecode.swift; path = HotelEntity.swift; sourceTree = "<group>"; };
		B6A0715928EA1AAC003E73A6 /* HotelViewModel.swift */ = {isa = PBXFileReference; lastKnownFileType = sourcecode.swift; path = HotelViewModel.swift; sourceTree = "<group>"; };
		B6A0715E28EB3038003E73A6 /* DetailsViewController.swift */ = {isa = PBXFileReference; lastKnownFileType = sourcecode.swift; path = DetailsViewController.swift; sourceTree = "<group>"; };
		B6B469CF28EC525E004DCAE9 /* HomeModel.swift */ = {isa = PBXFileReference; lastKnownFileType = sourcecode.swift; path = HomeModel.swift; sourceTree = "<group>"; };
		B6B469D128EC5281004DCAE9 /* HomeEntity.swift */ = {isa = PBXFileReference; lastKnownFileType = sourcecode.swift; path = HomeEntity.swift; sourceTree = "<group>"; };
		B6B469D328EC5299004DCAE9 /* HomeViewModel.swift */ = {isa = PBXFileReference; lastKnownFileType = sourcecode.swift; path = HomeViewModel.swift; sourceTree = "<group>"; };
		B6B469DA28EC69B6004DCAE9 /* HomeCollectionViewCell.swift */ = {isa = PBXFileReference; lastKnownFileType = sourcecode.swift; path = HomeCollectionViewCell.swift; sourceTree = "<group>"; };
		B6B469DB28EC69B6004DCAE9 /* HomeCollectionViewCell.xib */ = {isa = PBXFileReference; lastKnownFileType = file.xib; path = HomeCollectionViewCell.xib; sourceTree = "<group>"; };
		B6B469DF28EC8E07004DCAE9 /* DataModel.xcdatamodel */ = {isa = PBXFileReference; lastKnownFileType = wrapper.xcdatamodel; path = DataModel.xcdatamodel; sourceTree = "<group>"; };
/* End PBXFileReference section */

/* Begin PBXFrameworksBuildPhase section */
		B689965B28E3109E00E3BD99 /* Frameworks */ = {
			isa = PBXFrameworksBuildPhase;
			buildActionMask = 2147483647;
			files = (
				B6B4125A28E62F0500920833 /* Kingfisher in Frameworks */,
			);
			runOnlyForDeploymentPostprocessing = 0;
		};
/* End PBXFrameworksBuildPhase section */

/* Begin PBXGroup section */
		B643FD3228E6266F00026A09 /* Flights */ = {
			isa = PBXGroup;
			children = (
				B643FD4028E627A000026A09 /* Model */,
				B643FD3F28E6279300026A09 /* View */,
				B643FD4128E627AA00026A09 /* ViewModel */,
			);
			path = Flights;
			sourceTree = "<group>";
		};
		B643FD3F28E6279300026A09 /* View */ = {
			isa = PBXGroup;
			children = (
				B643FD3728E6273400026A09 /* FlightViewController.swift */,
				B643FD3B28E6278500026A09 /* CustomCollectionViewCell.swift */,
				B643FD3C28E6278500026A09 /* CustomCollectionViewCell.xib */,
			);
			path = View;
			sourceTree = "<group>";
		};
		B643FD4028E627A000026A09 /* Model */ = {
			isa = PBXGroup;
			children = (
				B643FD3328E626D500026A09 /* FlightModel.swift */,
				B643FD3528E6271400026A09 /* FlightEntity.swift */,
			);
			path = Model;
			sourceTree = "<group>";
		};
		B643FD4128E627AA00026A09 /* ViewModel */ = {
			isa = PBXGroup;
			children = (
				B643FD3928E6274500026A09 /* FlightViewModel.swift */,
			);
			path = ViewModel;
			sourceTree = "<group>";
		};
		B689965528E3109E00E3BD99 = {
			isa = PBXGroup;
			children = (
				B689966028E3109E00E3BD99 /* Travel Guide */,
				B689965F28E3109E00E3BD99 /* Products */,
			);
			sourceTree = "<group>";
		};
		B689965F28E3109E00E3BD99 /* Products */ = {
			isa = PBXGroup;
			children = (
				B689965E28E3109E00E3BD99 /* Travel Guide.app */,
			);
			name = Products;
			sourceTree = "<group>";
		};
		B689966028E3109E00E3BD99 /* Travel Guide */ = {
			isa = PBXGroup;
			children = (
				B689966128E3109E00E3BD99 /* AppDelegate.swift */,
				B689966328E3109E00E3BD99 /* SceneDelegate.swift */,
				B6B469CE28EC5240004DCAE9 /* Home */,
				B6A0715428EA1A2F003E73A6 /* Hotels */,
				B643FD3228E6266F00026A09 /* Flights */,
				B6A0715328E9BFBA003E73A6 /* Search */,
				B6F3984928EE22E200B28E0E /* Bookmarks */,
				B6A0715E28EB3038003E73A6 /* DetailsViewController.swift */,
				B689966728E3109E00E3BD99 /* Main.storyboard */,
				B689966D28E3109F00E3BD99 /* Assets.xcassets */,
				B689966F28E3109F00E3BD99 /* LaunchScreen.storyboard */,
				B689967228E3109F00E3BD99 /* Info.plist */,
				B6B469DE28EC8E07004DCAE9 /* DataModel.xcdatamodeld */,
			);
			path = "Travel Guide";
			sourceTree = "<group>";
		};
		B6A0715328E9BFBA003E73A6 /* Search */ = {
			isa = PBXGroup;
			children = (
				B6606FCB28E5CB6E005BCD82 /* SearchViewController.swift */,
			);
			path = Search;
			sourceTree = "<group>";
		};
		B6A0715428EA1A2F003E73A6 /* Hotels */ = {
			isa = PBXGroup;
			children = (
				B6A0715B28EA1AB9003E73A6 /* Model */,
				B6A0715D28EA1B31003E73A6 /* View */,
				B6A0715C28EA1AC6003E73A6 /* ViewModel */,
			);
			path = Hotels;
			sourceTree = "<group>";
		};
		B6A0715B28EA1AB9003E73A6 /* Model */ = {
			isa = PBXGroup;
			children = (
				B6A0715528EA1A60003E73A6 /* HotelModel.swift */,
				B6A0715728EA1A77003E73A6 /* HotelEntity.swift */,
			);
			path = Model;
			sourceTree = "<group>";
		};
		B6A0715C28EA1AC6003E73A6 /* ViewModel */ = {
			isa = PBXGroup;
			children = (
				B6A0715928EA1AAC003E73A6 /* HotelViewModel.swift */,
			);
			path = ViewModel;
			sourceTree = "<group>";
		};
		B6A0715D28EA1B31003E73A6 /* View */ = {
			isa = PBXGroup;
			children = (
				B6606FCF28E5EA6E005BCD82 /* HotelsViewController.swift */,
			);
			path = View;
			sourceTree = "<group>";
		};
		B6B469CE28EC5240004DCAE9 /* Home */ = {
			isa = PBXGroup;
			children = (
				B6B469D628EC52B2004DCAE9 /* View */,
				B6B469D528EC52A9004DCAE9 /* Model */,
				B6B469D728EC52CD004DCAE9 /* ViewModel */,
			);
			path = Home;
			sourceTree = "<group>";
		};
		B6B469D528EC52A9004DCAE9 /* Model */ = {
			isa = PBXGroup;
			children = (
				B6B469CF28EC525E004DCAE9 /* HomeModel.swift */,
				B6B469D128EC5281004DCAE9 /* HomeEntity.swift */,
			);
			path = Model;
			sourceTree = "<group>";
		};
		B6B469D628EC52B2004DCAE9 /* View */ = {
			isa = PBXGroup;
			children = (
				B689966528E3109E00E3BD99 /* HomeViewController.swift */,
				B6B469DB28EC69B6004DCAE9 /* HomeCollectionViewCell.xib */,
				B6B469DA28EC69B6004DCAE9 /* HomeCollectionViewCell.swift */,
			);
			path = View;
			sourceTree = "<group>";
		};
		B6B469D728EC52CD004DCAE9 /* ViewModel */ = {
			isa = PBXGroup;
			children = (
				B6B469D328EC5299004DCAE9 /* HomeViewModel.swift */,
			);
			path = ViewModel;
			sourceTree = "<group>";
		};
		B6F3984928EE22E200B28E0E /* Bookmarks */ = {
			isa = PBXGroup;
			children = (
				B631F30A28EC9CCF00361218 /* BookmarksViewController.swift */,
				B631F30D28EC9CEC00361218 /* TableViewCell.xib */,
				B631F30C28EC9CEC00361218 /* TableViewCell.swift */,
			);
			path = Bookmarks;
			sourceTree = "<group>";
		};
/* End PBXGroup section */

/* Begin PBXNativeTarget section */
		B689965D28E3109E00E3BD99 /* Travel Guide */ = {
			isa = PBXNativeTarget;
			buildConfigurationList = B689967528E3109F00E3BD99 /* Build configuration list for PBXNativeTarget "Travel Guide" */;
			buildPhases = (
				B689965A28E3109E00E3BD99 /* Sources */,
				B689965B28E3109E00E3BD99 /* Frameworks */,
				B689965C28E3109E00E3BD99 /* Resources */,
			);
			buildRules = (
			);
			dependencies = (
			);
			name = "Travel Guide";
			packageProductDependencies = (
				B6B4125928E62F0500920833 /* Kingfisher */,
			);
			productName = "Travel Guide";
			productReference = B689965E28E3109E00E3BD99 /* Travel Guide.app */;
			productType = "com.apple.product-type.application";
		};
/* End PBXNativeTarget section */

/* Begin PBXProject section */
		B689965628E3109E00E3BD99 /* Project object */ = {
			isa = PBXProject;
			attributes = {
				BuildIndependentTargetsInParallel = 1;
				LastSwiftUpdateCheck = 1340;
				LastUpgradeCheck = 1340;
				TargetAttributes = {
					B689965D28E3109E00E3BD99 = {
						CreatedOnToolsVersion = 13.4.1;
					};
				};
			};
			buildConfigurationList = B689965928E3109E00E3BD99 /* Build configuration list for PBXProject "Travel Guide" */;
			compatibilityVersion = "Xcode 13.0";
			developmentRegion = en;
			hasScannedForEncodings = 0;
			knownRegions = (
				en,
				Base,
			);
			mainGroup = B689965528E3109E00E3BD99;
			packageReferences = (
				B6B4125828E62F0500920833 /* XCRemoteSwiftPackageReference "Kingfisher" */,
			);
			productRefGroup = B689965F28E3109E00E3BD99 /* Products */;
			projectDirPath = "";
			projectRoot = "";
			targets = (
				B689965D28E3109E00E3BD99 /* Travel Guide */,
			);
		};
/* End PBXProject section */

/* Begin PBXResourcesBuildPhase section */
		B689965C28E3109E00E3BD99 /* Resources */ = {
			isa = PBXResourcesBuildPhase;
			buildActionMask = 2147483647;
			files = (
				B6B469DD28EC69B6004DCAE9 /* HomeCollectionViewCell.xib in Resources */,
				B631F30F28EC9CEC00361218 /* TableViewCell.xib in Resources */,
				B689967128E3109F00E3BD99 /* LaunchScreen.storyboard in Resources */,
				B689966E28E3109F00E3BD99 /* Assets.xcassets in Resources */,
				B689966928E3109E00E3BD99 /* Main.storyboard in Resources */,
				B643FD3E28E6278500026A09 /* CustomCollectionViewCell.xib in Resources */,
			);
			runOnlyForDeploymentPostprocessing = 0;
		};
/* End PBXResourcesBuildPhase section */

/* Begin PBXSourcesBuildPhase section */
		B689965A28E3109E00E3BD99 /* Sources */ = {
			isa = PBXSourcesBuildPhase;
			buildActionMask = 2147483647;
			files = (
				B631F30B28EC9CCF00361218 /* BookmarksViewController.swift in Sources */,
				B6B469D228EC5281004DCAE9 /* HomeEntity.swift in Sources */,
				B6B469E028EC8E07004DCAE9 /* DataModel.xcdatamodeld in Sources */,
				B6B469D428EC5299004DCAE9 /* HomeViewModel.swift in Sources */,
				B6A0715628EA1A60003E73A6 /* HotelModel.swift in Sources */,
				B6B469DC28EC69B6004DCAE9 /* HomeCollectionViewCell.swift in Sources */,
				B643FD3828E6273400026A09 /* FlightViewController.swift in Sources */,
				B6A0715828EA1A77003E73A6 /* HotelEntity.swift in Sources */,
				B643FD3628E6271400026A09 /* FlightEntity.swift in Sources */,
				B6B469D028EC525E004DCAE9 /* HomeModel.swift in Sources */,
				B6606FCC28E5CB6E005BCD82 /* SearchViewController.swift in Sources */,
				B6A0715A28EA1AAC003E73A6 /* HotelViewModel.swift in Sources */,
				B631F30E28EC9CEC00361218 /* TableViewCell.swift in Sources */,
				B643FD3428E626D500026A09 /* FlightModel.swift in Sources */,
				B6606FD028E5EA6E005BCD82 /* HotelsViewController.swift in Sources */,
				B643FD3D28E6278500026A09 /* CustomCollectionViewCell.swift in Sources */,
				B689966628E3109E00E3BD99 /* HomeViewController.swift in Sources */,
				B643FD3A28E6274500026A09 /* FlightViewModel.swift in Sources */,
				B689966228E3109E00E3BD99 /* AppDelegate.swift in Sources */,
				B689966428E3109E00E3BD99 /* SceneDelegate.swift in Sources */,
				B6A0715F28EB3038003E73A6 /* DetailsViewController.swift in Sources */,
			);
			runOnlyForDeploymentPostprocessing = 0;
		};
/* End PBXSourcesBuildPhase section */

/* Begin PBXVariantGroup section */
		B689966728E3109E00E3BD99 /* Main.storyboard */ = {
			isa = PBXVariantGroup;
			children = (
				B689966828E3109E00E3BD99 /* Base */,
			);
			name = Main.storyboard;
			sourceTree = "<group>";
		};
		B689966F28E3109F00E3BD99 /* LaunchScreen.storyboard */ = {
			isa = PBXVariantGroup;
			children = (
				B689967028E3109F00E3BD99 /* Base */,
			);
			name = LaunchScreen.storyboard;
			sourceTree = "<group>";
		};
/* End PBXVariantGroup section */

/* Begin XCBuildConfiguration section */
		B689967328E3109F00E3BD99 /* Debug */ = {
			isa = XCBuildConfiguration;
			buildSettings = {
				ALWAYS_SEARCH_USER_PATHS = NO;
				CLANG_ANALYZER_NONNULL = YES;
				CLANG_ANALYZER_NUMBER_OBJECT_CONVERSION = YES_AGGRESSIVE;
				CLANG_CXX_LANGUAGE_STANDARD = "gnu++17";
				CLANG_ENABLE_MODULES = YES;
				CLANG_ENABLE_OBJC_ARC = YES;
				CLANG_ENABLE_OBJC_WEAK = YES;
				CLANG_WARN_BLOCK_CAPTURE_AUTORELEASING = YES;
				CLANG_WARN_BOOL_CONVERSION = YES;
				CLANG_WARN_COMMA = YES;
				CLANG_WARN_CONSTANT_CONVERSION = YES;
				CLANG_WARN_DEPRECATED_OBJC_IMPLEMENTATIONS = YES;
				CLANG_WARN_DIRECT_OBJC_ISA_USAGE = YES_ERROR;
				CLANG_WARN_DOCUMENTATION_COMMENTS = YES;
				CLANG_WARN_EMPTY_BODY = YES;
				CLANG_WARN_ENUM_CONVERSION = YES;
				CLANG_WARN_INFINITE_RECURSION = YES;
				CLANG_WARN_INT_CONVERSION = YES;
				CLANG_WARN_NON_LITERAL_NULL_CONVERSION = YES;
				CLANG_WARN_OBJC_IMPLICIT_RETAIN_SELF = YES;
				CLANG_WARN_OBJC_LITERAL_CONVERSION = YES;
				CLANG_WARN_OBJC_ROOT_CLASS = YES_ERROR;
				CLANG_WARN_QUOTED_INCLUDE_IN_FRAMEWORK_HEADER = YES;
				CLANG_WARN_RANGE_LOOP_ANALYSIS = YES;
				CLANG_WARN_STRICT_PROTOTYPES = YES;
				CLANG_WARN_SUSPICIOUS_MOVE = YES;
				CLANG_WARN_UNGUARDED_AVAILABILITY = YES_AGGRESSIVE;
				CLANG_WARN_UNREACHABLE_CODE = YES;
				CLANG_WARN__DUPLICATE_METHOD_MATCH = YES;
				COPY_PHASE_STRIP = NO;
				DEBUG_INFORMATION_FORMAT = dwarf;
				ENABLE_STRICT_OBJC_MSGSEND = YES;
				ENABLE_TESTABILITY = YES;
				GCC_C_LANGUAGE_STANDARD = gnu11;
				GCC_DYNAMIC_NO_PIC = NO;
				GCC_NO_COMMON_BLOCKS = YES;
				GCC_OPTIMIZATION_LEVEL = 0;
				GCC_PREPROCESSOR_DEFINITIONS = (
					"DEBUG=1",
					"$(inherited)",
				);
				GCC_WARN_64_TO_32_BIT_CONVERSION = YES;
				GCC_WARN_ABOUT_RETURN_TYPE = YES_ERROR;
				GCC_WARN_UNDECLARED_SELECTOR = YES;
				GCC_WARN_UNINITIALIZED_AUTOS = YES_AGGRESSIVE;
				GCC_WARN_UNUSED_FUNCTION = YES;
				GCC_WARN_UNUSED_VARIABLE = YES;
				IPHONEOS_DEPLOYMENT_TARGET = 15.5;
				MTL_ENABLE_DEBUG_INFO = INCLUDE_SOURCE;
				MTL_FAST_MATH = YES;
				ONLY_ACTIVE_ARCH = YES;
				SDKROOT = iphoneos;
				SWIFT_ACTIVE_COMPILATION_CONDITIONS = DEBUG;
				SWIFT_OPTIMIZATION_LEVEL = "-Onone";
			};
			name = Debug;
		};
		B689967428E3109F00E3BD99 /* Release */ = {
			isa = XCBuildConfiguration;
			buildSettings = {
				ALWAYS_SEARCH_USER_PATHS = NO;
				CLANG_ANALYZER_NONNULL = YES;
				CLANG_ANALYZER_NUMBER_OBJECT_CONVERSION = YES_AGGRESSIVE;
				CLANG_CXX_LANGUAGE_STANDARD = "gnu++17";
				CLANG_ENABLE_MODULES = YES;
				CLANG_ENABLE_OBJC_ARC = YES;
				CLANG_ENABLE_OBJC_WEAK = YES;
				CLANG_WARN_BLOCK_CAPTURE_AUTORELEASING = YES;
				CLANG_WARN_BOOL_CONVERSION = YES;
				CLANG_WARN_COMMA = YES;
				CLANG_WARN_CONSTANT_CONVERSION = YES;
				CLANG_WARN_DEPRECATED_OBJC_IMPLEMENTATIONS = YES;
				CLANG_WARN_DIRECT_OBJC_ISA_USAGE = YES_ERROR;
				CLANG_WARN_DOCUMENTATION_COMMENTS = YES;
				CLANG_WARN_EMPTY_BODY = YES;
				CLANG_WARN_ENUM_CONVERSION = YES;
				CLANG_WARN_INFINITE_RECURSION = YES;
				CLANG_WARN_INT_CONVERSION = YES;
				CLANG_WARN_NON_LITERAL_NULL_CONVERSION = YES;
				CLANG_WARN_OBJC_IMPLICIT_RETAIN_SELF = YES;
				CLANG_WARN_OBJC_LITERAL_CONVERSION = YES;
				CLANG_WARN_OBJC_ROOT_CLASS = YES_ERROR;
				CLANG_WARN_QUOTED_INCLUDE_IN_FRAMEWORK_HEADER = YES;
				CLANG_WARN_RANGE_LOOP_ANALYSIS = YES;
				CLANG_WARN_STRICT_PROTOTYPES = YES;
				CLANG_WARN_SUSPICIOUS_MOVE = YES;
				CLANG_WARN_UNGUARDED_AVAILABILITY = YES_AGGRESSIVE;
				CLANG_WARN_UNREACHABLE_CODE = YES;
				CLANG_WARN__DUPLICATE_METHOD_MATCH = YES;
				COPY_PHASE_STRIP = NO;
				DEBUG_INFORMATION_FORMAT = "dwarf-with-dsym";
				ENABLE_NS_ASSERTIONS = NO;
				ENABLE_STRICT_OBJC_MSGSEND = YES;
				GCC_C_LANGUAGE_STANDARD = gnu11;
				GCC_NO_COMMON_BLOCKS = YES;
				GCC_WARN_64_TO_32_BIT_CONVERSION = YES;
				GCC_WARN_ABOUT_RETURN_TYPE = YES_ERROR;
				GCC_WARN_UNDECLARED_SELECTOR = YES;
				GCC_WARN_UNINITIALIZED_AUTOS = YES_AGGRESSIVE;
				GCC_WARN_UNUSED_FUNCTION = YES;
				GCC_WARN_UNUSED_VARIABLE = YES;
				IPHONEOS_DEPLOYMENT_TARGET = 15.5;
				MTL_ENABLE_DEBUG_INFO = NO;
				MTL_FAST_MATH = YES;
				SDKROOT = iphoneos;
				SWIFT_COMPILATION_MODE = wholemodule;
				SWIFT_OPTIMIZATION_LEVEL = "-O";
				VALIDATE_PRODUCT = YES;
			};
			name = Release;
		};
		B689967628E3109F00E3BD99 /* Debug */ = {
			isa = XCBuildConfiguration;
			buildSettings = {
				ASSETCATALOG_COMPILER_APPICON_NAME = AppIcon;
				ASSETCATALOG_COMPILER_GLOBAL_ACCENT_COLOR_NAME = AccentColor;
				CODE_SIGN_STYLE = Automatic;
				CURRENT_PROJECT_VERSION = 1;
				DEVELOPMENT_TEAM = 6395AB75Y5;
				GENERATE_INFOPLIST_FILE = YES;
				INFOPLIST_FILE = "Travel Guide/Info.plist";
				INFOPLIST_KEY_UIApplicationSupportsIndirectInputEvents = YES;
				INFOPLIST_KEY_UILaunchStoryboardName = LaunchScreen;
				INFOPLIST_KEY_UIMainStoryboardFile = Main;
				INFOPLIST_KEY_UISupportedInterfaceOrientations_iPad = "UIInterfaceOrientationPortrait UIInterfaceOrientationPortraitUpsideDown UIInterfaceOrientationLandscapeLeft UIInterfaceOrientationLandscapeRight";
				INFOPLIST_KEY_UISupportedInterfaceOrientations_iPhone = "UIInterfaceOrientationPortrait UIInterfaceOrientationLandscapeLeft UIInterfaceOrientationLandscapeRight";
				LD_RUNPATH_SEARCH_PATHS = (
					"$(inherited)",
					"@executable_path/Frameworks",
				);
				MARKETING_VERSION = 1.0;
				PRODUCT_BUNDLE_IDENTIFIER = "com.medetdonmez.Travel-Guide";
				PRODUCT_NAME = "$(TARGET_NAME)";
				SWIFT_EMIT_LOC_STRINGS = YES;
				SWIFT_VERSION = 5.0;
				TARGETED_DEVICE_FAMILY = "1,2";
			};
			name = Debug;
		};
		B689967728E3109F00E3BD99 /* Release */ = {
			isa = XCBuildConfiguration;
			buildSettings = {
				ASSETCATALOG_COMPILER_APPICON_NAME = AppIcon;
				ASSETCATALOG_COMPILER_GLOBAL_ACCENT_COLOR_NAME = AccentColor;
				CODE_SIGN_STYLE = Automatic;
				CURRENT_PROJECT_VERSION = 1;
				DEVELOPMENT_TEAM = 6395AB75Y5;
				GENERATE_INFOPLIST_FILE = YES;
				INFOPLIST_FILE = "Travel Guide/Info.plist";
				INFOPLIST_KEY_UIApplicationSupportsIndirectInputEvents = YES;
				INFOPLIST_KEY_UILaunchStoryboardName = LaunchScreen;
				INFOPLIST_KEY_UIMainStoryboardFile = Main;
				INFOPLIST_KEY_UISupportedInterfaceOrientations_iPad = "UIInterfaceOrientationPortrait UIInterfaceOrientationPortraitUpsideDown UIInterfaceOrientationLandscapeLeft UIInterfaceOrientationLandscapeRight";
				INFOPLIST_KEY_UISupportedInterfaceOrientations_iPhone = "UIInterfaceOrientationPortrait UIInterfaceOrientationLandscapeLeft UIInterfaceOrientationLandscapeRight";
				LD_RUNPATH_SEARCH_PATHS = (
					"$(inherited)",
					"@executable_path/Frameworks",
				);
				MARKETING_VERSION = 1.0;
				PRODUCT_BUNDLE_IDENTIFIER = "com.medetdonmez.Travel-Guide";
				PRODUCT_NAME = "$(TARGET_NAME)";
				SWIFT_EMIT_LOC_STRINGS = YES;
				SWIFT_VERSION = 5.0;
				TARGETED_DEVICE_FAMILY = "1,2";
			};
			name = Release;
		};
/* End XCBuildConfiguration section */

/* Begin XCConfigurationList section */
		B689965928E3109E00E3BD99 /* Build configuration list for PBXProject "Travel Guide" */ = {
			isa = XCConfigurationList;
			buildConfigurations = (
				B689967328E3109F00E3BD99 /* Debug */,
				B689967428E3109F00E3BD99 /* Release */,
			);
			defaultConfigurationIsVisible = 0;
			defaultConfigurationName = Release;
		};
		B689967528E3109F00E3BD99 /* Build configuration list for PBXNativeTarget "Travel Guide" */ = {
			isa = XCConfigurationList;
			buildConfigurations = (
				B689967628E3109F00E3BD99 /* Debug */,
				B689967728E3109F00E3BD99 /* Release */,
			);
			defaultConfigurationIsVisible = 0;
			defaultConfigurationName = Release;
		};
/* End XCConfigurationList section */

/* Begin XCRemoteSwiftPackageReference section */
		B6B4125828E62F0500920833 /* XCRemoteSwiftPackageReference "Kingfisher" */ = {
			isa = XCRemoteSwiftPackageReference;
			repositoryURL = "https://github.com/onevcat/Kingfisher";
			requirement = {
				kind = upToNextMajorVersion;
				minimumVersion = 7.0.0;
			};
		};
/* End XCRemoteSwiftPackageReference section */

/* Begin XCSwiftPackageProductDependency section */
		B6B4125928E62F0500920833 /* Kingfisher */ = {
			isa = XCSwiftPackageProductDependency;
			package = B6B4125828E62F0500920833 /* XCRemoteSwiftPackageReference "Kingfisher" */;
			productName = Kingfisher;
		};
/* End XCSwiftPackageProductDependency section */

/* Begin XCVersionGroup section */
		B6B469DE28EC8E07004DCAE9 /* DataModel.xcdatamodeld */ = {
			isa = XCVersionGroup;
			children = (
				B6B469DF28EC8E07004DCAE9 /* DataModel.xcdatamodel */,
			);
			currentVersion = B6B469DF28EC8E07004DCAE9 /* DataModel.xcdatamodel */;
			path = DataModel.xcdatamodeld;
			sourceTree = "<group>";
			versionGroupType = wrapper.xcdatamodel;
		};
/* End XCVersionGroup section */
	};
	rootObject = B689965628E3109E00E3BD99 /* Project object */;
}
